
Microsoft Visual Studio Solution File, Format Version 12.00
# Visual Studio 2013
VisualStudioVersion = 12.0.21005.1
MinimumVisualStudioVersion = 11.0.00000.0
Project("{FAE04EC0-301F-11D3-BF4B-00C04F79EFBC}") = "CustomerPortal", "Web\CustomerPortal.csproj", "{BB5CD3B2-D5B6-4EF4-9A3C-FDC8E0DF3097}"
EndProject
Project("{FAE04EC0-301F-11D3-BF4B-00C04F79EFBC}") = "Xrm", "Xrm\Xrm.csproj", "{EF32C14F-1458-429A-943F-4FF3404650A7}"
EndProject
Project("{FAE04EC0-301F-11D3-BF4B-00C04F79EFBC}") = "CustomerPortal.Plugins", "CustomerPortal.Plugins\CustomerPortal.Plugins.csproj", "{FD5F7A06-C27F-4B5F-A0D5-E62813585335}"
EndProject
Global
	GlobalSection(SolutionConfigurationPlatforms) = preSolution
		Debug|Any CPU = Debug|Any CPU
		Release|Any CPU = Release|Any CPU
	EndGlobalSection
	GlobalSection(ProjectConfigurationPlatforms) = postSolution
		{BB5CD3B2-D5B6-4EF4-9A3C-FDC8E0DF3097}.Debug|Any CPU.ActiveCfg = Debug|Any CPU
		{BB5CD3B2-D5B6-4EF4-9A3C-FDC8E0DF3097}.Debug|Any CPU.Build.0 = Debug|Any CPU
		{BB5CD3B2-D5B6-4EF4-9A3C-FDC8E0DF3097}.Release|Any CPU.ActiveCfg = Release|Any CPU
		{BB5CD3B2-D5B6-4EF4-9A3C-FDC8E0DF3097}.Release|Any CPU.Build.0 = Release|Any CPU
		{EF32C14F-1458-429A-943F-4FF3404650A7}.Debug|Any CPU.ActiveCfg = Debug|Any CPU
		{EF32C14F-1458-429A-943F-4FF3404650A7}.Debug|Any CPU.Build.0 = Debug|Any CPU
		{EF32C14F-1458-429A-943F-4FF3404650A7}.Release|Any CPU.ActiveCfg = Release|Any CPU
		{EF32C14F-1458-429A-943F-4FF3404650A7}.Release|Any CPU.Build.0 = Release|Any CPU
		{FD5F7A06-C27F-4B5F-A0D5-E62813585335}.Debug|Any CPU.ActiveCfg = Debug|Any CPU
		{FD5F7A06-C27F-4B5F-A0D5-E62813585335}.Debug|Any CPU.Build.0 = Debug|Any CPU
		{FD5F7A06-C27F-4B5F-A0D5-E62813585335}.Release|Any CPU.ActiveCfg = Release|Any CPU
		{FD5F7A06-C27F-4B5F-A0D5-E62813585335}.Release|Any CPU.Build.0 = Release|Any CPU
	EndGlobalSection
	GlobalSection(SolutionProperties) = preSolution
		HideSolutionNode = FALSE
	EndGlobalSection
EndGlobal
